
Microsoft Visual Studio Solution File, Format Version 12.00
# Visual Studio 15
VisualStudioVersion = 15.0.26430.6
MinimumVisualStudioVersion = 10.0.40219.1
Project("{FAE04EC0-301F-11D3-BF4B-00C04F79EFBC}") = "NoAdmin", "NoAdmin\NoAdmin.csproj", "{8722A089-C96F-4DDE-AEB8-F9F0C34C077A}"
EndProject
Project("{FAE04EC0-301F-11D3-BF4B-00C04F79EFBC}") = "RunAsAdmin", "RunAsAdmin\RunAsAdmin.csproj", "{9E62D089-8782-42D5-B3FD-42765D893B07}"
EndProject
Project("{8BC9CEB8-8B4A-11D0-8D11-00A0C91BC942}") = "WaitAndDoNothing", "WaitAndDoNothing\WaitAndDoNothing.vcxproj", "{3D743359-A4D4-4E1E-A701-FAA0EE323E33}"
EndProject
Project("{8BC9CEB8-8B4A-11D0-8D11-00A0C91BC942}") = "DoNothing", "DoNothing\DoNothing.vcxproj", "{193C1D19-367E-4664-9851-5D756D888BE0}"
EndProject
Project("{FAE04EC0-301F-11D3-BF4B-00C04F79EFBC}") = "WUClean", "WUClean\WUClean.csproj", "{4291F794-DD1B-4F42-BF86-3EBDF4BC787C}"
EndProject
Project("{FAE04EC0-301F-11D3-BF4B-00C04F79EFBC}") = "CSPSC", "CSPSC\CSPSC.csproj", "{65952299-C4A0-49DF-9252-B6F10ADEC8DA}"
EndProject
Project("{FAE04EC0-301F-11D3-BF4B-00C04F79EFBC}") = "CSPS", "CSPS\CSPS.csproj", "{7E8079A6-986A-498A-A16D-CAF23722F573}"
EndProject
Project("{8BC9CEB8-8B4A-11D0-8D11-00A0C91BC942}") = "CallSHChangeNotify", "CallSHChangeNotify\CallSHChangeNotify.vcxproj", "{ECBFD0CD-232B-464C-979A-8C6F4BF580CC}"
EndProject
Global
	GlobalSection(SolutionConfigurationPlatforms) = preSolution
		Debug|Any CPU = Debug|Any CPU
		Debug|x64 = Debug|x64
		Debug|x86 = Debug|x86
		Release|Any CPU = Release|Any CPU
		Release|x64 = Release|x64
		Release|x86 = Release|x86
	EndGlobalSection
	GlobalSection(ProjectConfigurationPlatforms) = postSolution
		{8722A089-C96F-4DDE-AEB8-F9F0C34C077A}.Debug|Any CPU.ActiveCfg = Debug|Any CPU
		{8722A089-C96F-4DDE-AEB8-F9F0C34C077A}.Debug|Any CPU.Build.0 = Debug|Any CPU
		{8722A089-C96F-4DDE-AEB8-F9F0C34C077A}.Debug|x64.ActiveCfg = Debug|Any CPU
		{8722A089-C96F-4DDE-AEB8-F9F0C34C077A}.Debug|x64.Build.0 = Debug|Any CPU
		{8722A089-C96F-4DDE-AEB8-F9F0C34C077A}.Debug|x86.ActiveCfg = Debug|Any CPU
		{8722A089-C96F-4DDE-AEB8-F9F0C34C077A}.Debug|x86.Build.0 = Debug|Any CPU
		{8722A089-C96F-4DDE-AEB8-F9F0C34C077A}.Release|Any CPU.ActiveCfg = Release|Any CPU
		{8722A089-C96F-4DDE-AEB8-F9F0C34C077A}.Release|Any CPU.Build.0 = Release|Any CPU
		{8722A089-C96F-4DDE-AEB8-F9F0C34C077A}.Release|x64.ActiveCfg = Release|Any CPU
		{8722A089-C96F-4DDE-AEB8-F9F0C34C077A}.Release|x64.Build.0 = Release|Any CPU
		{8722A089-C96F-4DDE-AEB8-F9F0C34C077A}.Release|x86.ActiveCfg = Release|Any CPU
		{8722A089-C96F-4DDE-AEB8-F9F0C34C077A}.Release|x86.Build.0 = Release|Any CPU
		{9E62D089-8782-42D5-B3FD-42765D893B07}.Debug|Any CPU.ActiveCfg = Debug|Any CPU
		{9E62D089-8782-42D5-B3FD-42765D893B07}.Debug|Any CPU.Build.0 = Debug|Any CPU
		{9E62D089-8782-42D5-B3FD-42765D893B07}.Debug|x64.ActiveCfg = Debug|Any CPU
		{9E62D089-8782-42D5-B3FD-42765D893B07}.Debug|x64.Build.0 = Debug|Any CPU
		{9E62D089-8782-42D5-B3FD-42765D893B07}.Debug|x86.ActiveCfg = Debug|Any CPU
		{9E62D089-8782-42D5-B3FD-42765D893B07}.Debug|x86.Build.0 = Debug|Any CPU
		{9E62D089-8782-42D5-B3FD-42765D893B07}.Release|Any CPU.ActiveCfg = Release|Any CPU
		{9E62D089-8782-42D5-B3FD-42765D893B07}.Release|Any CPU.Build.0 = Release|Any CPU
		{9E62D089-8782-42D5-B3FD-42765D893B07}.Release|x64.ActiveCfg = Release|Any CPU
		{9E62D089-8782-42D5-B3FD-42765D893B07}.Release|x64.Build.0 = Release|Any CPU
		{9E62D089-8782-42D5-B3FD-42765D893B07}.Release|x86.ActiveCfg = Release|Any CPU
		{9E62D089-8782-42D5-B3FD-42765D893B07}.Release|x86.Build.0 = Release|Any CPU
		{3D743359-A4D4-4E1E-A701-FAA0EE323E33}.Debug|Any CPU.ActiveCfg = Debug|x64
		{3D743359-A4D4-4E1E-A701-FAA0EE323E33}.Debug|x64.ActiveCfg = Debug|x64
		{3D743359-A4D4-4E1E-A701-FAA0EE323E33}.Debug|x64.Build.0 = Debug|x64
		{3D743359-A4D4-4E1E-A701-FAA0EE323E33}.Debug|x86.ActiveCfg = Debug|x64
		{3D743359-A4D4-4E1E-A701-FAA0EE323E33}.Release|Any CPU.ActiveCfg = Release|x64
		{3D743359-A4D4-4E1E-A701-FAA0EE323E33}.Release|x64.ActiveCfg = Release|x64
		{3D743359-A4D4-4E1E-A701-FAA0EE323E33}.Release|x64.Build.0 = Release|x64
		{3D743359-A4D4-4E1E-A701-FAA0EE323E33}.Release|x86.ActiveCfg = Release|x64
		{193C1D19-367E-4664-9851-5D756D888BE0}.Debug|Any CPU.ActiveCfg = Debug|x64
		{193C1D19-367E-4664-9851-5D756D888BE0}.Debug|x64.ActiveCfg = Debug|x64
		{193C1D19-367E-4664-9851-5D756D888BE0}.Debug|x64.Build.0 = Debug|x64
		{193C1D19-367E-4664-9851-5D756D888BE0}.Debug|x86.ActiveCfg = Debug|x64
		{193C1D19-367E-4664-9851-5D756D888BE0}.Release|Any CPU.ActiveCfg = Release|x64
		{193C1D19-367E-4664-9851-5D756D888BE0}.Release|x64.ActiveCfg = Release|x64
		{193C1D19-367E-4664-9851-5D756D888BE0}.Release|x64.Build.0 = Release|x64
		{193C1D19-367E-4664-9851-5D756D888BE0}.Release|x86.ActiveCfg = Release|x64
		{4291F794-DD1B-4F42-BF86-3EBDF4BC787C}.Debug|Any CPU.ActiveCfg = Debug|Any CPU
		{4291F794-DD1B-4F42-BF86-3EBDF4BC787C}.Debug|Any CPU.Build.0 = Debug|Any CPU
		{4291F794-DD1B-4F42-BF86-3EBDF4BC787C}.Debug|x64.ActiveCfg = Debug|Any CPU
		{4291F794-DD1B-4F42-BF86-3EBDF4BC787C}.Debug|x64.Build.0 = Debug|Any CPU
		{4291F794-DD1B-4F42-BF86-3EBDF4BC787C}.Debug|x86.ActiveCfg = Debug|Any CPU
		{4291F794-DD1B-4F42-BF86-3EBDF4BC787C}.Debug|x86.Build.0 = Debug|Any CPU
		{4291F794-DD1B-4F42-BF86-3EBDF4BC787C}.Release|Any CPU.ActiveCfg = Release|Any CPU
		{4291F794-DD1B-4F42-BF86-3EBDF4BC787C}.Release|Any CPU.Build.0 = Release|Any CPU
		{4291F794-DD1B-4F42-BF86-3EBDF4BC787C}.Release|x64.ActiveCfg = Release|Any CPU
		{4291F794-DD1B-4F42-BF86-3EBDF4BC787C}.Release|x64.Build.0 = Release|Any CPU
		{4291F794-DD1B-4F42-BF86-3EBDF4BC787C}.Release|x86.ActiveCfg = Release|Any CPU
		{4291F794-DD1B-4F42-BF86-3EBDF4BC787C}.Release|x86.Build.0 = Release|Any CPU
		{65952299-C4A0-49DF-9252-B6F10ADEC8DA}.Debug|Any CPU.ActiveCfg = Debug|Any CPU
		{65952299-C4A0-49DF-9252-B6F10ADEC8DA}.Debug|Any CPU.Build.0 = Debug|Any CPU
		{65952299-C4A0-49DF-9252-B6F10ADEC8DA}.Debug|x64.ActiveCfg = Debug|Any CPU
		{65952299-C4A0-49DF-9252-B6F10ADEC8DA}.Debug|x64.Build.0 = Debug|Any CPU
		{65952299-C4A0-49DF-9252-B6F10ADEC8DA}.Debug|x86.ActiveCfg = Debug|Any CPU
		{65952299-C4A0-49DF-9252-B6F10ADEC8DA}.Debug|x86.Build.0 = Debug|Any CPU
		{65952299-C4A0-49DF-9252-B6F10ADEC8DA}.Release|Any CPU.ActiveCfg = Release|Any CPU
		{65952299-C4A0-49DF-9252-B6F10ADEC8DA}.Release|Any CPU.Build.0 = Release|Any CPU
		{65952299-C4A0-49DF-9252-B6F10ADEC8DA}.Release|x64.ActiveCfg = Release|Any CPU
		{65952299-C4A0-49DF-9252-B6F10ADEC8DA}.Release|x64.Build.0 = Release|Any CPU
		{65952299-C4A0-49DF-9252-B6F10ADEC8DA}.Release|x86.ActiveCfg = Release|Any CPU
		{65952299-C4A0-49DF-9252-B6F10ADEC8DA}.Release|x86.Build.0 = Release|Any CPU
		{7E8079A6-986A-498A-A16D-CAF23722F573}.Debug|Any CPU.ActiveCfg = Debug|Any CPU
		{7E8079A6-986A-498A-A16D-CAF23722F573}.Debug|Any CPU.Build.0 = Debug|Any CPU
		{7E8079A6-986A-498A-A16D-CAF23722F573}.Debug|x64.ActiveCfg = Debug|Any CPU
		{7E8079A6-986A-498A-A16D-CAF23722F573}.Debug|x64.Build.0 = Debug|Any CPU
		{7E8079A6-986A-498A-A16D-CAF23722F573}.Debug|x86.ActiveCfg = Debug|Any CPU
		{7E8079A6-986A-498A-A16D-CAF23722F573}.Debug|x86.Build.0 = Debug|Any CPU
		{7E8079A6-986A-498A-A16D-CAF23722F573}.Release|Any CPU.ActiveCfg = Release|Any CPU
		{7E8079A6-986A-498A-A16D-CAF23722F573}.Release|Any CPU.Build.0 = Release|Any CPU
		{7E8079A6-986A-498A-A16D-CAF23722F573}.Release|x64.ActiveCfg = Release|Any CPU
		{7E8079A6-986A-498A-A16D-CAF23722F573}.Release|x64.Build.0 = Release|Any CPU
		{7E8079A6-986A-498A-A16D-CAF23722F573}.Release|x86.ActiveCfg = Release|Any CPU
		{7E8079A6-986A-498A-A16D-CAF23722F573}.Release|x86.Build.0 = Release|Any CPU
		{ECBFD0CD-232B-464C-979A-8C6F4BF580CC}.Debug|Any CPU.ActiveCfg = Debug|x64
		{ECBFD0CD-232B-464C-979A-8C6F4BF580CC}.Debug|x64.ActiveCfg = Debug|x64
		{ECBFD0CD-232B-464C-979A-8C6F4BF580CC}.Debug|x64.Build.0 = Debug|x64
		{ECBFD0CD-232B-464C-979A-8C6F4BF580CC}.Debug|x86.ActiveCfg = Debug|x64
		{ECBFD0CD-232B-464C-979A-8C6F4BF580CC}.Release|Any CPU.ActiveCfg = Release|x64
		{ECBFD0CD-232B-464C-979A-8C6F4BF580CC}.Release|x64.ActiveCfg = Release|x64
		{ECBFD0CD-232B-464C-979A-8C6F4BF580CC}.Release|x64.Build.0 = Release|x64
		{ECBFD0CD-232B-464C-979A-8C6F4BF580CC}.Release|x86.ActiveCfg = Release|x64
	EndGlobalSection
	GlobalSection(SolutionProperties) = preSolution
		HideSolutionNode = FALSE
	EndGlobalSection
	GlobalSection(ExtensibilityGlobals) = postSolution
		SolutionGuid = {CDDF0DA4-553D-4876-A586-9FC99AD3F058}
	EndGlobalSection
EndGlobal
